// !$*UTF8*$!
{
	archiveVersion = 1;
	classes = {
	};
	objectVersion = 51;
	objects = {

/* Begin PBXAggregateTarget section */
		D40393D722FA4CF300DF4877 /* Build ffmpeg */ = {
			isa = PBXAggregateTarget;
			buildConfigurationList = D40393D822FA4CF300DF4877 /* Build configuration list for PBXAggregateTarget "Build ffmpeg" */;
			buildPhases = (
				D40393DB22FA4D0F00DF4877 /* ShellScript */,
			);
			dependencies = (
			);
			name = "Build ffmpeg";
			productName = "Build ffmpeg";
		};
/* End PBXAggregateTarget section */

/* Begin PBXBuildFile section */
		D401206E22FC775300F0ECCD /* RVS_MediaServer_ServerViewController.swift in Sources */ = {isa = PBXBuildFile; fileRef = D401206D22FC775200F0ECCD /* RVS_MediaServer_ServerViewController.swift */; };
		D401207022FC8B3F00F0ECCD /* RVS_MediaServer_BaseViewController.swift in Sources */ = {isa = PBXBuildFile; fileRef = D401206F22FC8B3F00F0ECCD /* RVS_MediaServer_BaseViewController.swift */; };
		D40393D622FA4C9400DF4877 /* ffmpeg in Embed ffmpeg */ = {isa = PBXBuildFile; fileRef = D40393D422FA4C8700DF4877 /* ffmpeg */; settings = {ATTRIBUTES = (CodeSignOnCopy, ); }; };
		D41DF25322FC349C00BDB620 /* RVS_MediaServer_PersistentPrefs.swift in Sources */ = {isa = PBXBuildFile; fileRef = D41DF25222FC349C00BDB620 /* RVS_MediaServer_PersistentPrefs.swift */; };
		D41DF25422FC349C00BDB620 /* RVS_MediaServer_PersistentPrefs.swift in Sources */ = {isa = PBXBuildFile; fileRef = D41DF25222FC349C00BDB620 /* RVS_MediaServer_PersistentPrefs.swift */; };
		D41DF25622FC50E200BDB620 /* RVS_MediaServer_WindowController.swift in Sources */ = {isa = PBXBuildFile; fileRef = D41DF25522FC50E200BDB620 /* RVS_MediaServer_WindowController.swift */; };
		D4807B4522F843CD00759FE8 /* Warnings.xcconfig in Resources */ = {isa = PBXBuildFile; fileRef = D4807B4322F843CD00759FE8 /* Warnings.xcconfig */; };
		D4EEC82122F83F81000AD2A9 /* RVS_MediaServer_AppDelegate.swift in Sources */ = {isa = PBXBuildFile; fileRef = D4EEC82022F83F81000AD2A9 /* RVS_MediaServer_AppDelegate.swift */; };
		D4EEC82322F83F81000AD2A9 /* RVS_MediaServer_SettingsViewController.swift in Sources */ = {isa = PBXBuildFile; fileRef = D4EEC82222F83F81000AD2A9 /* RVS_MediaServer_SettingsViewController.swift */; };
		D4EEC82522F83F82000AD2A9 /* Assets.xcassets in Resources */ = {isa = PBXBuildFile; fileRef = D4EEC82422F83F82000AD2A9 /* Assets.xcassets */; };
		D4EEC82822F83F82000AD2A9 /* Main.storyboard in Resources */ = {isa = PBXBuildFile; fileRef = D4EEC82622F83F82000AD2A9 /* Main.storyboard */; };
		D4F9D9D122FB0E7600310F17 /* GCDWebServers.framework in Frameworks */ = {isa = PBXBuildFile; fileRef = D4F9D9D022FB0E6200310F17 /* GCDWebServers.framework */; };
		D4F9D9D222FB0E7600310F17 /* GCDWebServers.framework in Embed Frameworks */ = {isa = PBXBuildFile; fileRef = D4F9D9D022FB0E6200310F17 /* GCDWebServers.framework */; settings = {ATTRIBUTES = (CodeSignOnCopy, RemoveHeadersOnCopy, ); }; };
		D4F9D9DB22FB2AF600310F17 /* Localizable.strings in Resources */ = {isa = PBXBuildFile; fileRef = D4F9D9DD22FB2AF600310F17 /* Localizable.strings */; };
		D4F9D9E422FB2C1E00310F17 /* RVS_IPAddress.swift in Sources */ = {isa = PBXBuildFile; fileRef = D4F9D9E122FB2C1E00310F17 /* RVS_IPAddress.swift */; };
		D4F9D9E522FB2C1E00310F17 /* RVS_Sequence_Extensions.swift in Sources */ = {isa = PBXBuildFile; fileRef = D4F9D9E222FB2C1E00310F17 /* RVS_Sequence_Extensions.swift */; };
		D4F9D9E622FB2C1E00310F17 /* RVS_String_Extensions.swift in Sources */ = {isa = PBXBuildFile; fileRef = D4F9D9E322FB2C1E00310F17 /* RVS_String_Extensions.swift */; };
		D4F9D9E822FB2CC000310F17 /* RVS_PersistentPrefs.swift in Sources */ = {isa = PBXBuildFile; fileRef = D4F9D9E722FB2CC000310F17 /* RVS_PersistentPrefs.swift */; };
		D4FF5E2E22FB3D7A001F787E /* RVS_NSView_Extension.swift in Sources */ = {isa = PBXBuildFile; fileRef = D4FF5E2D22FB3D7A001F787E /* RVS_NSView_Extension.swift */; };
		D4FF5E3622FB52D6001F787E /* RVS_MediaServer_Prefs_Tests.swift in Sources */ = {isa = PBXBuildFile; fileRef = D4FF5E3522FB52D6001F787E /* RVS_MediaServer_Prefs_Tests.swift */; };
		D4FF5E3E22FB53D3001F787E /* RVS_PersistentPrefs.swift in Sources */ = {isa = PBXBuildFile; fileRef = D4F9D9E722FB2CC000310F17 /* RVS_PersistentPrefs.swift */; };
/* End PBXBuildFile section */

/* Begin PBXContainerItemProxy section */
		D4FF5E3822FB52D6001F787E /* PBXContainerItemProxy */ = {
			isa = PBXContainerItemProxy;
			containerPortal = D43D8DD422F8369400C075F3 /* Project object */;
			proxyType = 1;
			remoteGlobalIDString = D4EEC81D22F83F81000AD2A9;
			remoteInfo = RVS_MediaServer;
		};
/* End PBXContainerItemProxy section */

/* Begin PBXCopyFilesBuildPhase section */
		D454ED5422F9EAFF0022F8E7 /* Embed ffmpeg */ = {
			isa = PBXCopyFilesBuildPhase;
			buildActionMask = 2147483647;
			dstPath = "";
			dstSubfolderSpec = 6;
			files = (
				D40393D622FA4C9400DF4877 /* ffmpeg in Embed ffmpeg */,
			);
			name = "Embed ffmpeg";
			runOnlyForDeploymentPostprocessing = 0;
		};
		D4F9D9D422FB0E7600310F17 /* Embed Frameworks */ = {
			isa = PBXCopyFilesBuildPhase;
			buildActionMask = 2147483647;
			dstPath = "";
			dstSubfolderSpec = 10;
			files = (
				D4F9D9D222FB0E7600310F17 /* GCDWebServers.framework in Embed Frameworks */,
			);
			name = "Embed Frameworks";
			runOnlyForDeploymentPostprocessing = 0;
		};
/* End PBXCopyFilesBuildPhase section */

/* Begin PBXFileReference section */
		D401206D22FC775200F0ECCD /* RVS_MediaServer_ServerViewController.swift */ = {isa = PBXFileReference; fileEncoding = 4; lastKnownFileType = sourcecode.swift; path = RVS_MediaServer_ServerViewController.swift; sourceTree = "<group>"; };
		D401206F22FC8B3F00F0ECCD /* RVS_MediaServer_BaseViewController.swift */ = {isa = PBXFileReference; fileEncoding = 4; lastKnownFileType = sourcecode.swift; path = RVS_MediaServer_BaseViewController.swift; sourceTree = "<group>"; };
		D40393D422FA4C8700DF4877 /* ffmpeg */ = {isa = PBXFileReference; lastKnownFileType = "compiled.mach-o.executable"; name = ffmpeg; path = "ffmpeg-src/ffmpeg"; sourceTree = "<group>"; };
		D41DF25222FC349C00BDB620 /* RVS_MediaServer_PersistentPrefs.swift */ = {isa = PBXFileReference; fileEncoding = 4; lastKnownFileType = sourcecode.swift; path = RVS_MediaServer_PersistentPrefs.swift; sourceTree = "<group>"; };
		D41DF25522FC50E200BDB620 /* RVS_MediaServer_WindowController.swift */ = {isa = PBXFileReference; lastKnownFileType = sourcecode.swift; path = RVS_MediaServer_WindowController.swift; sourceTree = "<group>"; };
		D4807B4222F843CD00759FE8 /* Info.plist */ = {isa = PBXFileReference; fileEncoding = 4; lastKnownFileType = text.plist.xml; path = Info.plist; sourceTree = "<group>"; };
		D4807B4322F843CD00759FE8 /* Warnings.xcconfig */ = {isa = PBXFileReference; fileEncoding = 4; lastKnownFileType = text.xcconfig; path = Warnings.xcconfig; sourceTree = "<group>"; };
		D4EEC81E22F83F81000AD2A9 /* RVS_MediaServer.app */ = {isa = PBXFileReference; explicitFileType = wrapper.application; includeInIndex = 0; path = RVS_MediaServer.app; sourceTree = BUILT_PRODUCTS_DIR; };
		D4EEC82022F83F81000AD2A9 /* RVS_MediaServer_AppDelegate.swift */ = {isa = PBXFileReference; lastKnownFileType = sourcecode.swift; path = RVS_MediaServer_AppDelegate.swift; sourceTree = "<group>"; };
		D4EEC82222F83F81000AD2A9 /* RVS_MediaServer_SettingsViewController.swift */ = {isa = PBXFileReference; lastKnownFileType = sourcecode.swift; path = RVS_MediaServer_SettingsViewController.swift; sourceTree = "<group>"; };
		D4EEC82422F83F82000AD2A9 /* Assets.xcassets */ = {isa = PBXFileReference; lastKnownFileType = folder.assetcatalog; path = Assets.xcassets; sourceTree = "<group>"; };
		D4EEC82722F83F82000AD2A9 /* Base */ = {isa = PBXFileReference; lastKnownFileType = file.storyboard; name = Base; path = Base.lproj/Main.storyboard; sourceTree = "<group>"; };
		D4F9D9D022FB0E6200310F17 /* GCDWebServers.framework */ = {isa = PBXFileReference; lastKnownFileType = wrapper.framework; name = GCDWebServers.framework; path = DerivedData/RVS_MediaServer/Build/Products/Debug/GCDWebServers.framework; sourceTree = "<group>"; };
		D4F9D9D822FB227B00310F17 /* RVS_MediaServer.entitlements */ = {isa = PBXFileReference; lastKnownFileType = text.plist.entitlements; path = RVS_MediaServer.entitlements; sourceTree = "<group>"; };
		D4F9D9DC22FB2AF600310F17 /* en */ = {isa = PBXFileReference; lastKnownFileType = text.plist.strings; name = en; path = en.lproj/Localizable.strings; sourceTree = "<group>"; };
		D4F9D9E122FB2C1E00310F17 /* RVS_IPAddress.swift */ = {isa = PBXFileReference; fileEncoding = 4; lastKnownFileType = sourcecode.swift; path = RVS_IPAddress.swift; sourceTree = "<group>"; };
		D4F9D9E222FB2C1E00310F17 /* RVS_Sequence_Extensions.swift */ = {isa = PBXFileReference; fileEncoding = 4; lastKnownFileType = sourcecode.swift; path = RVS_Sequence_Extensions.swift; sourceTree = "<group>"; };
		D4F9D9E322FB2C1E00310F17 /* RVS_String_Extensions.swift */ = {isa = PBXFileReference; fileEncoding = 4; lastKnownFileType = sourcecode.swift; path = RVS_String_Extensions.swift; sourceTree = "<group>"; };
		D4F9D9E722FB2CC000310F17 /* RVS_PersistentPrefs.swift */ = {isa = PBXFileReference; fileEncoding = 4; lastKnownFileType = sourcecode.swift; path = RVS_PersistentPrefs.swift; sourceTree = "<group>"; };
		D4FF5E2D22FB3D7A001F787E /* RVS_NSView_Extension.swift */ = {isa = PBXFileReference; fileEncoding = 4; lastKnownFileType = sourcecode.swift; path = RVS_NSView_Extension.swift; sourceTree = "<group>"; };
		D4FF5E3322FB52D6001F787E /* RVS_MediaServer_Tests.xctest */ = {isa = PBXFileReference; explicitFileType = wrapper.cfbundle; includeInIndex = 0; path = RVS_MediaServer_Tests.xctest; sourceTree = BUILT_PRODUCTS_DIR; };
		D4FF5E3522FB52D6001F787E /* RVS_MediaServer_Prefs_Tests.swift */ = {isa = PBXFileReference; lastKnownFileType = sourcecode.swift; path = RVS_MediaServer_Prefs_Tests.swift; sourceTree = "<group>"; };
		D4FF5E3722FB52D6001F787E /* Info.plist */ = {isa = PBXFileReference; lastKnownFileType = text.plist.xml; path = Info.plist; sourceTree = "<group>"; };
/* End PBXFileReference section */

/* Begin PBXFrameworksBuildPhase section */
		D4F9D9D322FB0E7600310F17 /* Frameworks */ = {
			isa = PBXFrameworksBuildPhase;
			buildActionMask = 2147483647;
			files = (
				D4F9D9D122FB0E7600310F17 /* GCDWebServers.framework in Frameworks */,
			);
			runOnlyForDeploymentPostprocessing = 0;
		};
/* End PBXFrameworksBuildPhase section */

/* Begin PBXGroup section */
		D40393D322FA4C6C00DF4877 /* Executables */ = {
			isa = PBXGroup;
			children = (
				D40393D422FA4C8700DF4877 /* ffmpeg */,
			);
			name = Executables;
			sourceTree = "<group>";
		};
		D43D8DD322F8369400C075F3 = {
			isa = PBXGroup;
			children = (
				D4807B3A22F8416700759FE8 /* MainApp */,
				D4EEC81F22F83F81000AD2A9 /* ViewControllers */,
				D4807B3922F8414E00759FE8 /* Resources */,
				D4F9D9E022FB2BE900310F17 /* ExtensionsAndExtras */,
				D4FF5E3422FB52D6001F787E /* RVS_MediaServer_Tests */,
				D4F9D9D522FB107200310F17 /* Frameworks */,
				D40393D322FA4C6C00DF4877 /* Executables */,
				D4807B4022F843AE00759FE8 /* Meta */,
				D43D8DDD22F8369400C075F3 /* Products */,
			);
			sourceTree = "<group>";
		};
		D43D8DDD22F8369400C075F3 /* Products */ = {
			isa = PBXGroup;
			children = (
				D4EEC81E22F83F81000AD2A9 /* RVS_MediaServer.app */,
				D4FF5E3322FB52D6001F787E /* RVS_MediaServer_Tests.xctest */,
			);
			name = Products;
			sourceTree = "<group>";
		};
		D4807B3922F8414E00759FE8 /* Resources */ = {
			isa = PBXGroup;
			children = (
				D4EEC82422F83F82000AD2A9 /* Assets.xcassets */,
				D4EEC82622F83F82000AD2A9 /* Main.storyboard */,
				D4F9D9DD22FB2AF600310F17 /* Localizable.strings */,
			);
			path = Resources;
			sourceTree = "<group>";
		};
		D4807B3A22F8416700759FE8 /* MainApp */ = {
			isa = PBXGroup;
			children = (
				D4EEC82022F83F81000AD2A9 /* RVS_MediaServer_AppDelegate.swift */,
				D41DF25522FC50E200BDB620 /* RVS_MediaServer_WindowController.swift */,
			);
			path = MainApp;
			sourceTree = "<group>";
		};
		D4807B4022F843AE00759FE8 /* Meta */ = {
			isa = PBXGroup;
			children = (
				D4807B4222F843CD00759FE8 /* Info.plist */,
				D4F9D9D822FB227B00310F17 /* RVS_MediaServer.entitlements */,
				D4807B4322F843CD00759FE8 /* Warnings.xcconfig */,
			);
			path = Meta;
			sourceTree = "<group>";
		};
		D4EEC81F22F83F81000AD2A9 /* ViewControllers */ = {
			isa = PBXGroup;
			children = (
				D401206F22FC8B3F00F0ECCD /* RVS_MediaServer_BaseViewController.swift */,
				D4EEC82222F83F81000AD2A9 /* RVS_MediaServer_SettingsViewController.swift */,
				D401206D22FC775200F0ECCD /* RVS_MediaServer_ServerViewController.swift */,
			);
			path = ViewControllers;
			sourceTree = "<group>";
		};
		D4F9D9D522FB107200310F17 /* Frameworks */ = {
			isa = PBXGroup;
			children = (
				D4F9D9D022FB0E6200310F17 /* GCDWebServers.framework */,
			);
			name = Frameworks;
			sourceTree = "<group>";
		};
		D4F9D9E022FB2BE900310F17 /* ExtensionsAndExtras */ = {
			isa = PBXGroup;
			children = (
				D41DF25222FC349C00BDB620 /* RVS_MediaServer_PersistentPrefs.swift */,
				D4F9D9E722FB2CC000310F17 /* RVS_PersistentPrefs.swift */,
				D4F9D9E122FB2C1E00310F17 /* RVS_IPAddress.swift */,
				D4F9D9E222FB2C1E00310F17 /* RVS_Sequence_Extensions.swift */,
				D4FF5E2D22FB3D7A001F787E /* RVS_NSView_Extension.swift */,
				D4F9D9E322FB2C1E00310F17 /* RVS_String_Extensions.swift */,
			);
			path = ExtensionsAndExtras;
			sourceTree = "<group>";
		};
		D4FF5E3422FB52D6001F787E /* RVS_MediaServer_Tests */ = {
			isa = PBXGroup;
			children = (
				D4FF5E3522FB52D6001F787E /* RVS_MediaServer_Prefs_Tests.swift */,
				D4FF5E3722FB52D6001F787E /* Info.plist */,
			);
			path = RVS_MediaServer_Tests;
			sourceTree = "<group>";
		};
/* End PBXGroup section */

/* Begin PBXNativeTarget section */
		D4EEC81D22F83F81000AD2A9 /* RVS_MediaServer */ = {
			isa = PBXNativeTarget;
			buildConfigurationList = D4EEC82B22F83F82000AD2A9 /* Build configuration list for PBXNativeTarget "RVS_MediaServer" */;
			buildPhases = (
				D4EEC82F22F84010000AD2A9 /* SwiftLint */,
				D4EEC81A22F83F81000AD2A9 /* Sources */,
				D4F9D9D322FB0E7600310F17 /* Frameworks */,
				D4EEC81C22F83F81000AD2A9 /* Resources */,
				D454ED5422F9EAFF0022F8E7 /* Embed ffmpeg */,
				D4F9D9D422FB0E7600310F17 /* Embed Frameworks */,
			);
			buildRules = (
			);
			dependencies = (
			);
			name = RVS_MediaServer;
			productName = RVS_MediaServer_App;
			productReference = D4EEC81E22F83F81000AD2A9 /* RVS_MediaServer.app */;
			productType = "com.apple.product-type.application";
		};
		D4FF5E3222FB52D6001F787E /* RVS_MediaServer_Tests */ = {
			isa = PBXNativeTarget;
			buildConfigurationList = D4FF5E3A22FB52D6001F787E /* Build configuration list for PBXNativeTarget "RVS_MediaServer_Tests" */;
			buildPhases = (
				D4FF5E2F22FB52D6001F787E /* Sources */,
			);
			buildRules = (
			);
			dependencies = (
				D4FF5E3922FB52D6001F787E /* PBXTargetDependency */,
			);
			name = RVS_MediaServer_Tests;
			productName = RVS_MediaServer_Tests;
			productReference = D4FF5E3322FB52D6001F787E /* RVS_MediaServer_Tests.xctest */;
			productType = "com.apple.product-type.bundle.unit-test";
		};
/* End PBXNativeTarget section */

/* Begin PBXProject section */
		D43D8DD422F8369400C075F3 /* Project object */ = {
			isa = PBXProject;
			attributes = {
				LastSwiftUpdateCheck = 1030;
				LastUpgradeCheck = 1030;
				ORGANIZATIONNAME = "The Great Rift Valley Software Company";
				TargetAttributes = {
					D40393D722FA4CF300DF4877 = {
						CreatedOnToolsVersion = 10.3;
					};
					D4EEC81D22F83F81000AD2A9 = {
						CreatedOnToolsVersion = 10.3;
						SystemCapabilities = {
							com.apple.Sandbox = {
								enabled = 1;
							};
						};
					};
					D4FF5E3222FB52D6001F787E = {
						CreatedOnToolsVersion = 10.3;
						TestTargetID = D4EEC81D22F83F81000AD2A9;
					};
				};
			};
			buildConfigurationList = D43D8DD722F8369400C075F3 /* Build configuration list for PBXProject "RVS_MediaServer" */;
			compatibilityVersion = "Xcode 10.0";
			developmentRegion = en;
			hasScannedForEncodings = 0;
			knownRegions = (
				en,
				Base,
			);
			mainGroup = D43D8DD322F8369400C075F3;
			productRefGroup = D43D8DDD22F8369400C075F3 /* Products */;
			projectDirPath = "";
			projectRoot = "";
			targets = (
				D40393D722FA4CF300DF4877 /* Build ffmpeg */,
				D4EEC81D22F83F81000AD2A9 /* RVS_MediaServer */,
				D4FF5E3222FB52D6001F787E /* RVS_MediaServer_Tests */,
			);
		};
/* End PBXProject section */

/* Begin PBXResourcesBuildPhase section */
		D4EEC81C22F83F81000AD2A9 /* Resources */ = {
			isa = PBXResourcesBuildPhase;
			buildActionMask = 2147483647;
			files = (
				D4EEC82522F83F82000AD2A9 /* Assets.xcassets in Resources */,
				D4F9D9DB22FB2AF600310F17 /* Localizable.strings in Resources */,
				D4807B4522F843CD00759FE8 /* Warnings.xcconfig in Resources */,
				D4EEC82822F83F82000AD2A9 /* Main.storyboard in Resources */,
			);
			runOnlyForDeploymentPostprocessing = 0;
		};
/* End PBXResourcesBuildPhase section */

/* Begin PBXShellScriptBuildPhase section */
		D40393DB22FA4D0F00DF4877 /* ShellScript */ = {
			isa = PBXShellScriptBuildPhase;
			buildActionMask = 2147483647;
			files = (
			);
			inputFileListPaths = (
			);
			inputPaths = (
			);
			outputFileListPaths = (
			);
			outputPaths = (
			);
			runOnlyForDeploymentPostprocessing = 0;
			shellPath = /bin/sh;
			shellScript = "#!/bin/sh\nCWD=\"$(pwd)\"\ncd \"${PROJECT_DIR}/ffmpeg-src\"\n./configure --enable-gpl --enable-libx264 --enable-libx265 --enable-appkit --enable-avfoundation --enable-coreimage --enable-audiotoolbox\nmake\ncd \"${CWD}\"\n";
		};
		D4EEC82F22F84010000AD2A9 /* SwiftLint */ = {
			isa = PBXShellScriptBuildPhase;
			buildActionMask = 2147483647;
			files = (
			);
			inputFileListPaths = (
			);
			inputPaths = (
			);
			name = SwiftLint;
			outputFileListPaths = (
			);
			outputPaths = (
			);
			runOnlyForDeploymentPostprocessing = 0;
			shellPath = /bin/sh;
			shellScript = "\"${PROJECT_DIR}/Pods/SwiftLint/swiftlint\"\n";
		};
/* End PBXShellScriptBuildPhase section */

/* Begin PBXSourcesBuildPhase section */
		D4EEC81A22F83F81000AD2A9 /* Sources */ = {
			isa = PBXSourcesBuildPhase;
			buildActionMask = 2147483647;
			files = (
				D4EEC82322F83F81000AD2A9 /* RVS_MediaServer_SettingsViewController.swift in Sources */,
				D41DF25322FC349C00BDB620 /* RVS_MediaServer_PersistentPrefs.swift in Sources */,
				D41DF25622FC50E200BDB620 /* RVS_MediaServer_WindowController.swift in Sources */,
				D4EEC82122F83F81000AD2A9 /* RVS_MediaServer_AppDelegate.swift in Sources */,
				D4F9D9E522FB2C1E00310F17 /* RVS_Sequence_Extensions.swift in Sources */,
				D4F9D9E822FB2CC000310F17 /* RVS_PersistentPrefs.swift in Sources */,
				D4F9D9E622FB2C1E00310F17 /* RVS_String_Extensions.swift in Sources */,
				D401206E22FC775300F0ECCD /* RVS_MediaServer_ServerViewController.swift in Sources */,
				D4F9D9E422FB2C1E00310F17 /* RVS_IPAddress.swift in Sources */,
				D4FF5E2E22FB3D7A001F787E /* RVS_NSView_Extension.swift in Sources */,
				D401207022FC8B3F00F0ECCD /* RVS_MediaServer_BaseViewController.swift in Sources */,
			);
			runOnlyForDeploymentPostprocessing = 0;
		};
		D4FF5E2F22FB52D6001F787E /* Sources */ = {
			isa = PBXSourcesBuildPhase;
			buildActionMask = 2147483647;
			files = (
				D4FF5E3E22FB53D3001F787E /* RVS_PersistentPrefs.swift in Sources */,
				D4FF5E3622FB52D6001F787E /* RVS_MediaServer_Prefs_Tests.swift in Sources */,
				D41DF25422FC349C00BDB620 /* RVS_MediaServer_PersistentPrefs.swift in Sources */,
			);
			runOnlyForDeploymentPostprocessing = 0;
		};
/* End PBXSourcesBuildPhase section */

/* Begin PBXTargetDependency section */
		D4FF5E3922FB52D6001F787E /* PBXTargetDependency */ = {
			isa = PBXTargetDependency;
			target = D4EEC81D22F83F81000AD2A9 /* RVS_MediaServer */;
			targetProxy = D4FF5E3822FB52D6001F787E /* PBXContainerItemProxy */;
		};
/* End PBXTargetDependency section */

/* Begin PBXVariantGroup section */
		D4EEC82622F83F82000AD2A9 /* Main.storyboard */ = {
			isa = PBXVariantGroup;
			children = (
				D4EEC82722F83F82000AD2A9 /* Base */,
			);
			name = Main.storyboard;
			sourceTree = "<group>";
		};
		D4F9D9DD22FB2AF600310F17 /* Localizable.strings */ = {
			isa = PBXVariantGroup;
			children = (
				D4F9D9DC22FB2AF600310F17 /* en */,
			);
			name = Localizable.strings;
			sourceTree = "<group>";
		};
/* End PBXVariantGroup section */

/* Begin XCBuildConfiguration section */
		D40393D922FA4CF300DF4877 /* Debug */ = {
			isa = XCBuildConfiguration;
			buildSettings = {
				CODE_SIGN_STYLE = Automatic;
				DEVELOPMENT_TEAM = KSAUGZFWP2;
				PRODUCT_NAME = "$(TARGET_NAME)";
			};
			name = Debug;
		};
		D40393DA22FA4CF300DF4877 /* Release */ = {
			isa = XCBuildConfiguration;
			buildSettings = {
				CODE_SIGN_STYLE = Automatic;
				DEVELOPMENT_TEAM = KSAUGZFWP2;
				PRODUCT_NAME = "$(TARGET_NAME)";
			};
			name = Release;
		};
		D43D8DE122F8369400C075F3 /* Debug */ = {
			isa = XCBuildConfiguration;
			buildSettings = {
				ALWAYS_SEARCH_USER_PATHS = NO;
				CLANG_ANALYZER_NONNULL = YES;
				CLANG_ANALYZER_NUMBER_OBJECT_CONVERSION = YES_AGGRESSIVE;
				CLANG_CXX_LANGUAGE_STANDARD = "gnu++14";
				CLANG_CXX_LIBRARY = "libc++";
				CLANG_ENABLE_MODULES = YES;
				CLANG_ENABLE_OBJC_ARC = YES;
				CLANG_ENABLE_OBJC_WEAK = YES;
				CLANG_WARN_BLOCK_CAPTURE_AUTORELEASING = YES;
				CLANG_WARN_BOOL_CONVERSION = YES;
				CLANG_WARN_COMMA = YES;
				CLANG_WARN_CONSTANT_CONVERSION = YES;
				CLANG_WARN_DEPRECATED_OBJC_IMPLEMENTATIONS = YES;
				CLANG_WARN_DIRECT_OBJC_ISA_USAGE = YES_ERROR;
				CLANG_WARN_DOCUMENTATION_COMMENTS = YES;
				CLANG_WARN_EMPTY_BODY = YES;
				CLANG_WARN_ENUM_CONVERSION = YES;
				CLANG_WARN_INFINITE_RECURSION = YES;
				CLANG_WARN_INT_CONVERSION = YES;
				CLANG_WARN_NON_LITERAL_NULL_CONVERSION = YES;
				CLANG_WARN_OBJC_IMPLICIT_RETAIN_SELF = YES;
				CLANG_WARN_OBJC_LITERAL_CONVERSION = YES;
				CLANG_WARN_OBJC_ROOT_CLASS = YES_ERROR;
				CLANG_WARN_RANGE_LOOP_ANALYSIS = YES;
				CLANG_WARN_STRICT_PROTOTYPES = YES;
				CLANG_WARN_SUSPICIOUS_MOVE = YES;
				CLANG_WARN_UNGUARDED_AVAILABILITY = YES_AGGRESSIVE;
				CLANG_WARN_UNREACHABLE_CODE = YES;
				CLANG_WARN__DUPLICATE_METHOD_MATCH = YES;
				CODE_SIGN_IDENTITY = "Mac Developer";
				COPY_PHASE_STRIP = NO;
				DEBUG_INFORMATION_FORMAT = dwarf;
				ENABLE_STRICT_OBJC_MSGSEND = YES;
				ENABLE_TESTABILITY = YES;
				GCC_C_LANGUAGE_STANDARD = gnu11;
				GCC_DYNAMIC_NO_PIC = NO;
				GCC_NO_COMMON_BLOCKS = YES;
				GCC_OPTIMIZATION_LEVEL = 0;
				GCC_PREPROCESSOR_DEFINITIONS = (
					"DEBUG=1",
					"$(inherited)",
				);
				GCC_WARN_64_TO_32_BIT_CONVERSION = YES;
				GCC_WARN_ABOUT_RETURN_TYPE = YES_ERROR;
				GCC_WARN_UNDECLARED_SELECTOR = YES;
				GCC_WARN_UNINITIALIZED_AUTOS = YES_AGGRESSIVE;
				GCC_WARN_UNUSED_FUNCTION = YES;
				GCC_WARN_UNUSED_VARIABLE = YES;
				MACOSX_DEPLOYMENT_TARGET = 10.14;
				MTL_ENABLE_DEBUG_INFO = INCLUDE_SOURCE;
				MTL_FAST_MATH = YES;
				ONLY_ACTIVE_ARCH = YES;
				SDKROOT = macosx;
				SWIFT_ACTIVE_COMPILATION_CONDITIONS = DEBUG;
				SWIFT_OPTIMIZATION_LEVEL = "-Onone";
				SWIFT_VERSION = 5.0;
			};
			name = Debug;
		};
		D43D8DE222F8369400C075F3 /* Release */ = {
			isa = XCBuildConfiguration;
			buildSettings = {
				ALWAYS_SEARCH_USER_PATHS = NO;
				CLANG_ANALYZER_NONNULL = YES;
				CLANG_ANALYZER_NUMBER_OBJECT_CONVERSION = YES_AGGRESSIVE;
				CLANG_CXX_LANGUAGE_STANDARD = "gnu++14";
				CLANG_CXX_LIBRARY = "libc++";
				CLANG_ENABLE_MODULES = YES;
				CLANG_ENABLE_OBJC_ARC = YES;
				CLANG_ENABLE_OBJC_WEAK = YES;
				CLANG_WARN_BLOCK_CAPTURE_AUTORELEASING = YES;
				CLANG_WARN_BOOL_CONVERSION = YES;
				CLANG_WARN_COMMA = YES;
				CLANG_WARN_CONSTANT_CONVERSION = YES;
				CLANG_WARN_DEPRECATED_OBJC_IMPLEMENTATIONS = YES;
				CLANG_WARN_DIRECT_OBJC_ISA_USAGE = YES_ERROR;
				CLANG_WARN_DOCUMENTATION_COMMENTS = YES;
				CLANG_WARN_EMPTY_BODY = YES;
				CLANG_WARN_ENUM_CONVERSION = YES;
				CLANG_WARN_INFINITE_RECURSION = YES;
				CLANG_WARN_INT_CONVERSION = YES;
				CLANG_WARN_NON_LITERAL_NULL_CONVERSION = YES;
				CLANG_WARN_OBJC_IMPLICIT_RETAIN_SELF = YES;
				CLANG_WARN_OBJC_LITERAL_CONVERSION = YES;
				CLANG_WARN_OBJC_ROOT_CLASS = YES_ERROR;
				CLANG_WARN_RANGE_LOOP_ANALYSIS = YES;
				CLANG_WARN_STRICT_PROTOTYPES = YES;
				CLANG_WARN_SUSPICIOUS_MOVE = YES;
				CLANG_WARN_UNGUARDED_AVAILABILITY = YES_AGGRESSIVE;
				CLANG_WARN_UNREACHABLE_CODE = YES;
				CLANG_WARN__DUPLICATE_METHOD_MATCH = YES;
				CODE_SIGN_IDENTITY = "Mac Developer";
				COPY_PHASE_STRIP = NO;
				DEBUG_INFORMATION_FORMAT = "dwarf-with-dsym";
				ENABLE_NS_ASSERTIONS = NO;
				ENABLE_STRICT_OBJC_MSGSEND = YES;
				GCC_C_LANGUAGE_STANDARD = gnu11;
				GCC_NO_COMMON_BLOCKS = YES;
				GCC_WARN_64_TO_32_BIT_CONVERSION = YES;
				GCC_WARN_ABOUT_RETURN_TYPE = YES_ERROR;
				GCC_WARN_UNDECLARED_SELECTOR = YES;
				GCC_WARN_UNINITIALIZED_AUTOS = YES_AGGRESSIVE;
				GCC_WARN_UNUSED_FUNCTION = YES;
				GCC_WARN_UNUSED_VARIABLE = YES;
				MACOSX_DEPLOYMENT_TARGET = 10.14;
				MTL_ENABLE_DEBUG_INFO = NO;
				MTL_FAST_MATH = YES;
				SDKROOT = macosx;
				SWIFT_COMPILATION_MODE = wholemodule;
				SWIFT_OPTIMIZATION_LEVEL = "-O";
				SWIFT_VERSION = 5.0;
			};
			name = Release;
		};
		D4EEC82C22F83F82000AD2A9 /* Debug */ = {
			isa = XCBuildConfiguration;
			baseConfigurationReference = D4807B4322F843CD00759FE8 /* Warnings.xcconfig */;
			buildSettings = {
				ASSETCATALOG_COMPILER_APPICON_NAME = AppIcon;
				CODE_SIGN_ENTITLEMENTS = "${PROJECT_DIR}/Meta/RVS_MediaServer.entitlements";
				CODE_SIGN_STYLE = Automatic;
				COMBINE_HIDPI_IMAGES = YES;
				DEVELOPMENT_TEAM = KSAUGZFWP2;
				FRAMEWORK_SEARCH_PATHS = (
					"$(inherited)",
					"$(PROJECT_DIR)/DerivedData/RVS_MediaServer/Build/Products/Debug",
				);
				INFOPLIST_FILE = "$(SRCROOT)/Meta/Info.plist";
				LD_RUNPATH_SEARCH_PATHS = (
					"$(inherited)",
					"@executable_path/../Frameworks",
				);
				PRODUCT_BUNDLE_IDENTIFIER = "com.riftvalleysoftware.RVS-MediaServer";
				PRODUCT_NAME = "$(TARGET_NAME)";
				SWIFT_VERSION = 5.0;
			};
			name = Debug;
		};
		D4EEC82D22F83F82000AD2A9 /* Release */ = {
			isa = XCBuildConfiguration;
			baseConfigurationReference = D4807B4322F843CD00759FE8 /* Warnings.xcconfig */;
			buildSettings = {
				ASSETCATALOG_COMPILER_APPICON_NAME = AppIcon;
				CODE_SIGN_ENTITLEMENTS = "${PROJECT_DIR}/Meta/RVS_MediaServer.entitlements";
				CODE_SIGN_STYLE = Automatic;
				COMBINE_HIDPI_IMAGES = YES;
				DEVELOPMENT_TEAM = KSAUGZFWP2;
				FRAMEWORK_SEARCH_PATHS = (
					"$(inherited)",
					"$(PROJECT_DIR)/DerivedData/RVS_MediaServer/Build/Products/Debug",
				);
				INFOPLIST_FILE = "$(SRCROOT)/Meta/Info.plist";
				LD_RUNPATH_SEARCH_PATHS = (
					"$(inherited)",
					"@executable_path/../Frameworks",
				);
				PRODUCT_BUNDLE_IDENTIFIER = "com.riftvalleysoftware.RVS-MediaServer";
				PRODUCT_NAME = "$(TARGET_NAME)";
				SWIFT_VERSION = 5.0;
			};
			name = Release;
		};
		D4FF5E3B22FB52D6001F787E /* Debug */ = {
			isa = XCBuildConfiguration;
			baseConfigurationReference = D4807B4322F843CD00759FE8 /* Warnings.xcconfig */;
			buildSettings = {
				BUNDLE_LOADER = "$(TEST_HOST)";
				CODE_SIGN_STYLE = Automatic;
				COMBINE_HIDPI_IMAGES = YES;
				DEVELOPMENT_TEAM = KSAUGZFWP2;
				INFOPLIST_FILE = RVS_MediaServer_Tests/Info.plist;
				LD_RUNPATH_SEARCH_PATHS = (
					"$(inherited)",
					"@executable_path/../Frameworks",
					"@loader_path/../Frameworks",
				);
				PRODUCT_BUNDLE_IDENTIFIER = "com.riftvalleysoftware.RVS-MediaServer-Tests";
				PRODUCT_NAME = "$(TARGET_NAME)";
				SWIFT_VERSION = 5.0;
				TEST_HOST = "$(BUILT_PRODUCTS_DIR)/RVS_MediaServer.app/Contents/MacOS/RVS_MediaServer";
			};
			name = Debug;
		};
		D4FF5E3C22FB52D6001F787E /* Release */ = {
			isa = XCBuildConfiguration;
			baseConfigurationReference = D4807B4322F843CD00759FE8 /* Warnings.xcconfig */;
			buildSettings = {
				BUNDLE_LOADER = "$(TEST_HOST)";
				CODE_SIGN_STYLE = Automatic;
				COMBINE_HIDPI_IMAGES = YES;
				DEVELOPMENT_TEAM = KSAUGZFWP2;
				INFOPLIST_FILE = RVS_MediaServer_Tests/Info.plist;
				LD_RUNPATH_SEARCH_PATHS = (
					"$(inherited)",
					"@executable_path/../Frameworks",
					"@loader_path/../Frameworks",
				);
				PRODUCT_BUNDLE_IDENTIFIER = "com.riftvalleysoftware.RVS-MediaServer-Tests";
				PRODUCT_NAME = "$(TARGET_NAME)";
				SWIFT_VERSION = 5.0;
				TEST_HOST = "$(BUILT_PRODUCTS_DIR)/RVS_MediaServer.app/Contents/MacOS/RVS_MediaServer";
			};
			name = Release;
		};
/* End XCBuildConfiguration section */

/* Begin XCConfigurationList section */
		D40393D822FA4CF300DF4877 /* Build configuration list for PBXAggregateTarget "Build ffmpeg" */ = {
			isa = XCConfigurationList;
			buildConfigurations = (
				D40393D922FA4CF300DF4877 /* Debug */,
				D40393DA22FA4CF300DF4877 /* Release */,
			);
			defaultConfigurationIsVisible = 0;
			defaultConfigurationName = Release;
		};
		D43D8DD722F8369400C075F3 /* Build configuration list for PBXProject "RVS_MediaServer" */ = {
			isa = XCConfigurationList;
			buildConfigurations = (
				D43D8DE122F8369400C075F3 /* Debug */,
				D43D8DE222F8369400C075F3 /* Release */,
			);
			defaultConfigurationIsVisible = 0;
			defaultConfigurationName = Release;
		};
		D4EEC82B22F83F82000AD2A9 /* Build configuration list for PBXNativeTarget "RVS_MediaServer" */ = {
			isa = XCConfigurationList;
			buildConfigurations = (
				D4EEC82C22F83F82000AD2A9 /* Debug */,
				D4EEC82D22F83F82000AD2A9 /* Release */,
			);
			defaultConfigurationIsVisible = 0;
			defaultConfigurationName = Release;
		};
		D4FF5E3A22FB52D6001F787E /* Build configuration list for PBXNativeTarget "RVS_MediaServer_Tests" */ = {
			isa = XCConfigurationList;
			buildConfigurations = (
				D4FF5E3B22FB52D6001F787E /* Debug */,
				D4FF5E3C22FB52D6001F787E /* Release */,
			);
			defaultConfigurationIsVisible = 0;
			defaultConfigurationName = Release;
		};
/* End XCConfigurationList section */
	};
	rootObject = D43D8DD422F8369400C075F3 /* Project object */;
}
